// !$*UTF8*$!
{
	archiveVersion = 1;
	classes = {
	};
	objectVersion = 50;
	objects = {

/* Begin PBXBuildFile section */
		55093FD7216C736800D49F2A /* main.cpp in Sources */ = {isa = PBXBuildFile; fileRef = 55093FD6216C736800D49F2A /* main.cpp */; };
		55093FE2216C736F00D49F2A /* main.cpp in Sources */ = {isa = PBXBuildFile; fileRef = 55093FE1216C736F00D49F2A /* main.cpp */; };
		55093FED216C85CD00D49F2A /* main.cpp in Sources */ = {isa = PBXBuildFile; fileRef = 55093FEC216C85CD00D49F2A /* main.cpp */; };
		5576B7272159FFAF001D73E7 /* main.cpp in Sources */ = {isa = PBXBuildFile; fileRef = 5576B7262159FFAF001D73E7 /* main.cpp */; };
		5576B734215A02AD001D73E7 /* main.cpp in Sources */ = {isa = PBXBuildFile; fileRef = 5576B733215A02AD001D73E7 /* main.cpp */; };
		5576B73F215A02B3001D73E7 /* main.cpp in Sources */ = {isa = PBXBuildFile; fileRef = 5576B73E215A02B3001D73E7 /* main.cpp */; };
		5576B74A215A0598001D73E7 /* main.cpp in Sources */ = {isa = PBXBuildFile; fileRef = 5576B749215A0598001D73E7 /* main.cpp */; };
		5576B755215A059B001D73E7 /* main.cpp in Sources */ = {isa = PBXBuildFile; fileRef = 5576B754215A059B001D73E7 /* main.cpp */; };
		5576B760215A059E001D73E7 /* main.cpp in Sources */ = {isa = PBXBuildFile; fileRef = 5576B75F215A059E001D73E7 /* main.cpp */; };
		5576B76B215A05A2001D73E7 /* main.cpp in Sources */ = {isa = PBXBuildFile; fileRef = 5576B76A215A05A2001D73E7 /* main.cpp */; };
/* End PBXBuildFile section */

/* Begin PBXCopyFilesBuildPhase section */
		55093FD2216C736800D49F2A /* CopyFiles */ = {
			isa = PBXCopyFilesBuildPhase;
			buildActionMask = 2147483647;
			dstPath = /usr/share/man/man1/;
			dstSubfolderSpec = 0;
			files = (
			);
			runOnlyForDeploymentPostprocessing = 1;
		};
		55093FDD216C736F00D49F2A /* CopyFiles */ = {
			isa = PBXCopyFilesBuildPhase;
			buildActionMask = 2147483647;
			dstPath = /usr/share/man/man1/;
			dstSubfolderSpec = 0;
			files = (
			);
			runOnlyForDeploymentPostprocessing = 1;
		};
		55093FE8216C85CD00D49F2A /* CopyFiles */ = {
			isa = PBXCopyFilesBuildPhase;
			buildActionMask = 2147483647;
			dstPath = /usr/share/man/man1/;
			dstSubfolderSpec = 0;
			files = (
			);
			runOnlyForDeploymentPostprocessing = 1;
		};
		5576B7212159FFAF001D73E7 /* CopyFiles */ = {
			isa = PBXCopyFilesBuildPhase;
			buildActionMask = 2147483647;
			dstPath = /usr/share/man/man1/;
			dstSubfolderSpec = 0;
			files = (
			);
			runOnlyForDeploymentPostprocessing = 1;
		};
		5576B72F215A02AD001D73E7 /* CopyFiles */ = {
			isa = PBXCopyFilesBuildPhase;
			buildActionMask = 2147483647;
			dstPath = /usr/share/man/man1/;
			dstSubfolderSpec = 0;
			files = (
			);
			runOnlyForDeploymentPostprocessing = 1;
		};
		5576B73A215A02B3001D73E7 /* CopyFiles */ = {
			isa = PBXCopyFilesBuildPhase;
			buildActionMask = 2147483647;
			dstPath = /usr/share/man/man1/;
			dstSubfolderSpec = 0;
			files = (
			);
			runOnlyForDeploymentPostprocessing = 1;
		};
		5576B745215A0598001D73E7 /* CopyFiles */ = {
			isa = PBXCopyFilesBuildPhase;
			buildActionMask = 2147483647;
			dstPath = /usr/share/man/man1/;
			dstSubfolderSpec = 0;
			files = (
			);
			runOnlyForDeploymentPostprocessing = 1;
		};
		5576B750215A059B001D73E7 /* CopyFiles */ = {
			isa = PBXCopyFilesBuildPhase;
			buildActionMask = 2147483647;
			dstPath = /usr/share/man/man1/;
			dstSubfolderSpec = 0;
			files = (
			);
			runOnlyForDeploymentPostprocessing = 1;
		};
		5576B75B215A059E001D73E7 /* CopyFiles */ = {
			isa = PBXCopyFilesBuildPhase;
			buildActionMask = 2147483647;
			dstPath = /usr/share/man/man1/;
			dstSubfolderSpec = 0;
			files = (
			);
			runOnlyForDeploymentPostprocessing = 1;
		};
		5576B766215A05A2001D73E7 /* CopyFiles */ = {
			isa = PBXCopyFilesBuildPhase;
			buildActionMask = 2147483647;
			dstPath = /usr/share/man/man1/;
			dstSubfolderSpec = 0;
			files = (
			);
			runOnlyForDeploymentPostprocessing = 1;
		};
/* End PBXCopyFilesBuildPhase section */

/* Begin PBXFileReference section */
		55093FD4216C736800D49F2A /* 7 */ = {isa = PBXFileReference; explicitFileType = "compiled.mach-o.executable"; includeInIndex = 0; path = 7; sourceTree = BUILT_PRODUCTS_DIR; };
		55093FD6216C736800D49F2A /* main.cpp */ = {isa = PBXFileReference; lastKnownFileType = sourcecode.cpp.cpp; path = main.cpp; sourceTree = "<group>"; };
		55093FDF216C736F00D49F2A /* 8 */ = {isa = PBXFileReference; explicitFileType = "compiled.mach-o.executable"; includeInIndex = 0; path = 8; sourceTree = BUILT_PRODUCTS_DIR; };
		55093FE1216C736F00D49F2A /* main.cpp */ = {isa = PBXFileReference; lastKnownFileType = sourcecode.cpp.cpp; path = main.cpp; sourceTree = "<group>"; };
		55093FEA216C85CD00D49F2A /* 9 */ = {isa = PBXFileReference; explicitFileType = "compiled.mach-o.executable"; includeInIndex = 0; path = 9; sourceTree = BUILT_PRODUCTS_DIR; };
		55093FEC216C85CD00D49F2A /* main.cpp */ = {isa = PBXFileReference; lastKnownFileType = sourcecode.cpp.cpp; path = main.cpp; sourceTree = "<group>"; };
		5576B7232159FFAF001D73E7 /* 2 */ = {isa = PBXFileReference; explicitFileType = "compiled.mach-o.executable"; includeInIndex = 0; path = 2; sourceTree = BUILT_PRODUCTS_DIR; };
		5576B7262159FFAF001D73E7 /* main.cpp */ = {isa = PBXFileReference; lastKnownFileType = sourcecode.cpp.cpp; path = main.cpp; sourceTree = "<group>"; };
		5576B731215A02AD001D73E7 /* 2.3 */ = {isa = PBXFileReference; explicitFileType = "compiled.mach-o.executable"; includeInIndex = 0; path = 2.3; sourceTree = BUILT_PRODUCTS_DIR; };
		5576B733215A02AD001D73E7 /* main.cpp */ = {isa = PBXFileReference; lastKnownFileType = sourcecode.cpp.cpp; path = main.cpp; sourceTree = "<group>"; };
		5576B73C215A02B3001D73E7 /* 2.2 */ = {isa = PBXFileReference; explicitFileType = "compiled.mach-o.executable"; includeInIndex = 0; path = 2.2; sourceTree = BUILT_PRODUCTS_DIR; };
		5576B73E215A02B3001D73E7 /* main.cpp */ = {isa = PBXFileReference; lastKnownFileType = sourcecode.cpp.cpp; path = main.cpp; sourceTree = "<group>"; };
		5576B747215A0598001D73E7 /* 3 */ = {isa = PBXFileReference; explicitFileType = "compiled.mach-o.executable"; includeInIndex = 0; path = 3; sourceTree = BUILT_PRODUCTS_DIR; };
		5576B749215A0598001D73E7 /* main.cpp */ = {isa = PBXFileReference; lastKnownFileType = sourcecode.cpp.cpp; path = main.cpp; sourceTree = "<group>"; };
		5576B752215A059B001D73E7 /* 4 */ = {isa = PBXFileReference; explicitFileType = "compiled.mach-o.executable"; includeInIndex = 0; path = 4; sourceTree = BUILT_PRODUCTS_DIR; };
		5576B754215A059B001D73E7 /* main.cpp */ = {isa = PBXFileReference; lastKnownFileType = sourcecode.cpp.cpp; path = main.cpp; sourceTree = "<group>"; };
		5576B75D215A059E001D73E7 /* 5 */ = {isa = PBXFileReference; explicitFileType = "compiled.mach-o.executable"; includeInIndex = 0; path = 5; sourceTree = BUILT_PRODUCTS_DIR; };
		5576B75F215A059E001D73E7 /* main.cpp */ = {isa = PBXFileReference; lastKnownFileType = sourcecode.cpp.cpp; path = main.cpp; sourceTree = "<group>"; };
		5576B768215A05A2001D73E7 /* 6 */ = {isa = PBXFileReference; explicitFileType = "compiled.mach-o.executable"; includeInIndex = 0; path = 6; sourceTree = BUILT_PRODUCTS_DIR; };
		5576B76A215A05A2001D73E7 /* main.cpp */ = {isa = PBXFileReference; lastKnownFileType = sourcecode.cpp.cpp; path = main.cpp; sourceTree = "<group>"; };
/* End PBXFileReference section */

/* Begin PBXFrameworksBuildPhase section */
		55093FD1216C736800D49F2A /* Frameworks */ = {
			isa = PBXFrameworksBuildPhase;
			buildActionMask = 2147483647;
			files = (
			);
			runOnlyForDeploymentPostprocessing = 0;
		};
		55093FDC216C736F00D49F2A /* Frameworks */ = {
			isa = PBXFrameworksBuildPhase;
			buildActionMask = 2147483647;
			files = (
			);
			runOnlyForDeploymentPostprocessing = 0;
		};
		55093FE7216C85CD00D49F2A /* Frameworks */ = {
			isa = PBXFrameworksBuildPhase;
			buildActionMask = 2147483647;
			files = (
			);
			runOnlyForDeploymentPostprocessing = 0;
		};
		5576B7202159FFAF001D73E7 /* Frameworks */ = {
			isa = PBXFrameworksBuildPhase;
			buildActionMask = 2147483647;
			files = (
			);
			runOnlyForDeploymentPostprocessing = 0;
		};
		5576B72E215A02AD001D73E7 /* Frameworks */ = {
			isa = PBXFrameworksBuildPhase;
			buildActionMask = 2147483647;
			files = (
			);
			runOnlyForDeploymentPostprocessing = 0;
		};
		5576B739215A02B3001D73E7 /* Frameworks */ = {
			isa = PBXFrameworksBuildPhase;
			buildActionMask = 2147483647;
			files = (
			);
			runOnlyForDeploymentPostprocessing = 0;
		};
		5576B744215A0598001D73E7 /* Frameworks */ = {
			isa = PBXFrameworksBuildPhase;
			buildActionMask = 2147483647;
			files = (
			);
			runOnlyForDeploymentPostprocessing = 0;
		};
		5576B74F215A059B001D73E7 /* Frameworks */ = {
			isa = PBXFrameworksBuildPhase;
			buildActionMask = 2147483647;
			files = (
			);
			runOnlyForDeploymentPostprocessing = 0;
		};
		5576B75A215A059E001D73E7 /* Frameworks */ = {
			isa = PBXFrameworksBuildPhase;
			buildActionMask = 2147483647;
			files = (
			);
			runOnlyForDeploymentPostprocessing = 0;
		};
		5576B765215A05A2001D73E7 /* Frameworks */ = {
			isa = PBXFrameworksBuildPhase;
			buildActionMask = 2147483647;
			files = (
			);
			runOnlyForDeploymentPostprocessing = 0;
		};
/* End PBXFrameworksBuildPhase section */

/* Begin PBXGroup section */
		55093FD5216C736800D49F2A /* 7 */ = {
			isa = PBXGroup;
			children = (
				55093FD6216C736800D49F2A /* main.cpp */,
			);
			path = 7;
			sourceTree = "<group>";
		};
		55093FE0216C736F00D49F2A /* 8 */ = {
			isa = PBXGroup;
			children = (
				55093FE1216C736F00D49F2A /* main.cpp */,
			);
			path = 8;
			sourceTree = "<group>";
		};
		55093FEB216C85CD00D49F2A /* 9 */ = {
			isa = PBXGroup;
			children = (
				55093FEC216C85CD00D49F2A /* main.cpp */,
			);
			path = 9;
			sourceTree = "<group>";
		};
		5576B71A2159FFAF001D73E7 = {
			isa = PBXGroup;
			children = (
				5576B7252159FFAF001D73E7 /* 2 */,
				5576B73D215A02B3001D73E7 /* 2.2 */,
				5576B732215A02AD001D73E7 /* 2.3 */,
				5576B748215A0598001D73E7 /* 3 */,
				5576B753215A059B001D73E7 /* 4 */,
				5576B75E215A059E001D73E7 /* 5 */,
				5576B769215A05A2001D73E7 /* 6 */,
				55093FD5216C736800D49F2A /* 7 */,
				55093FE0216C736F00D49F2A /* 8 */,
				55093FEB216C85CD00D49F2A /* 9 */,
				5576B7242159FFAF001D73E7 /* Products */,
			);
			sourceTree = "<group>";
		};
		5576B7242159FFAF001D73E7 /* Products */ = {
			isa = PBXGroup;
			children = (
				5576B7232159FFAF001D73E7 /* 2 */,
				5576B731215A02AD001D73E7 /* 2.3 */,
				5576B73C215A02B3001D73E7 /* 2.2 */,
				5576B747215A0598001D73E7 /* 3 */,
				5576B752215A059B001D73E7 /* 4 */,
				5576B75D215A059E001D73E7 /* 5 */,
				5576B768215A05A2001D73E7 /* 6 */,
				55093FD4216C736800D49F2A /* 7 */,
				55093FDF216C736F00D49F2A /* 8 */,
				55093FEA216C85CD00D49F2A /* 9 */,
			);
			name = Products;
			sourceTree = "<group>";
		};
		5576B7252159FFAF001D73E7 /* 2 */ = {
			isa = PBXGroup;
			children = (
				5576B7262159FFAF001D73E7 /* main.cpp */,
			);
			path = 2;
			sourceTree = "<group>";
		};
		5576B732215A02AD001D73E7 /* 2.3 */ = {
			isa = PBXGroup;
			children = (
				5576B733215A02AD001D73E7 /* main.cpp */,
			);
			path = 2.3;
			sourceTree = "<group>";
		};
		5576B73D215A02B3001D73E7 /* 2.2 */ = {
			isa = PBXGroup;
			children = (
				5576B73E215A02B3001D73E7 /* main.cpp */,
			);
			path = 2.2;
			sourceTree = "<group>";
		};
		5576B748215A0598001D73E7 /* 3 */ = {
			isa = PBXGroup;
			children = (
				5576B749215A0598001D73E7 /* main.cpp */,
			);
			path = 3;
			sourceTree = "<group>";
		};
		5576B753215A059B001D73E7 /* 4 */ = {
			isa = PBXGroup;
			children = (
				5576B754215A059B001D73E7 /* main.cpp */,
			);
			path = 4;
			sourceTree = "<group>";
		};
		5576B75E215A059E001D73E7 /* 5 */ = {
			isa = PBXGroup;
			children = (
				5576B75F215A059E001D73E7 /* main.cpp */,
			);
			path = 5;
			sourceTree = "<group>";
		};
		5576B769215A05A2001D73E7 /* 6 */ = {
			isa = PBXGroup;
			children = (
				5576B76A215A05A2001D73E7 /* main.cpp */,
			);
			path = 6;
			sourceTree = "<group>";
		};
/* End PBXGroup section */

/* Begin PBXNativeTarget section */
		55093FD3216C736800D49F2A /* 7 */ = {
			isa = PBXNativeTarget;
			buildConfigurationList = 55093FDA216C736800D49F2A /* Build configuration list for PBXNativeTarget "7" */;
			buildPhases = (
				55093FD0216C736800D49F2A /* Sources */,
				55093FD1216C736800D49F2A /* Frameworks */,
				55093FD2216C736800D49F2A /* CopyFiles */,
			);
			buildRules = (
			);
			dependencies = (
			);
			name = 7;
			productName = 7;
			productReference = 55093FD4216C736800D49F2A /* 7 */;
			productType = "com.apple.product-type.tool";
		};
		55093FDE216C736F00D49F2A /* 8 */ = {
			isa = PBXNativeTarget;
			buildConfigurationList = 55093FE3216C736F00D49F2A /* Build configuration list for PBXNativeTarget "8" */;
			buildPhases = (
				55093FDB216C736F00D49F2A /* Sources */,
				55093FDC216C736F00D49F2A /* Frameworks */,
				55093FDD216C736F00D49F2A /* CopyFiles */,
			);
			buildRules = (
			);
			dependencies = (
			);
			name = 8;
			productName = 8;
			productReference = 55093FDF216C736F00D49F2A /* 8 */;
			productType = "com.apple.product-type.tool";
		};
		55093FE9216C85CD00D49F2A /* 9 */ = {
			isa = PBXNativeTarget;
			buildConfigurationList = 55093FEE216C85CD00D49F2A /* Build configuration list for PBXNativeTarget "9" */;
			buildPhases = (
				55093FE6216C85CD00D49F2A /* Sources */,
				55093FE7216C85CD00D49F2A /* Frameworks */,
				55093FE8216C85CD00D49F2A /* CopyFiles */,
			);
			buildRules = (
			);
			dependencies = (
			);
			name = 9;
			productName = 9;
			productReference = 55093FEA216C85CD00D49F2A /* 9 */;
			productType = "com.apple.product-type.tool";
		};
		5576B7222159FFAF001D73E7 /* 2 */ = {
			isa = PBXNativeTarget;
			buildConfigurationList = 5576B72A2159FFAF001D73E7 /* Build configuration list for PBXNativeTarget "2" */;
			buildPhases = (
				5576B71F2159FFAF001D73E7 /* Sources */,
				5576B7202159FFAF001D73E7 /* Frameworks */,
				5576B7212159FFAF001D73E7 /* CopyFiles */,
			);
			buildRules = (
			);
			dependencies = (
			);
			name = 2;
			productName = 2;
			productReference = 5576B7232159FFAF001D73E7 /* 2 */;
			productType = "com.apple.product-type.tool";
		};
		5576B730215A02AD001D73E7 /* 2.3 */ = {
			isa = PBXNativeTarget;
			buildConfigurationList = 5576B735215A02AD001D73E7 /* Build configuration list for PBXNativeTarget "2.3" */;
			buildPhases = (
				5576B72D215A02AD001D73E7 /* Sources */,
				5576B72E215A02AD001D73E7 /* Frameworks */,
				5576B72F215A02AD001D73E7 /* CopyFiles */,
			);
			buildRules = (
			);
			dependencies = (
			);
			name = 2.3;
			productName = 2.3;
			productReference = 5576B731215A02AD001D73E7 /* 2.3 */;
			productType = "com.apple.product-type.tool";
		};
		5576B73B215A02B3001D73E7 /* 2.2 */ = {
			isa = PBXNativeTarget;
			buildConfigurationList = 5576B740215A02B3001D73E7 /* Build configuration list for PBXNativeTarget "2.2" */;
			buildPhases = (
				5576B738215A02B3001D73E7 /* Sources */,
				5576B739215A02B3001D73E7 /* Frameworks */,
				5576B73A215A02B3001D73E7 /* CopyFiles */,
			);
			buildRules = (
			);
			dependencies = (
			);
			name = 2.2;
			productName = 2.2;
			productReference = 5576B73C215A02B3001D73E7 /* 2.2 */;
			productType = "com.apple.product-type.tool";
		};
		5576B746215A0598001D73E7 /* 3 */ = {
			isa = PBXNativeTarget;
			buildConfigurationList = 5576B74B215A0598001D73E7 /* Build configuration list for PBXNativeTarget "3" */;
			buildPhases = (
				5576B743215A0598001D73E7 /* Sources */,
				5576B744215A0598001D73E7 /* Frameworks */,
				5576B745215A0598001D73E7 /* CopyFiles */,
			);
			buildRules = (
			);
			dependencies = (
			);
			name = 3;
			productName = 3;
			productReference = 5576B747215A0598001D73E7 /* 3 */;
			productType = "com.apple.product-type.tool";
		};
		5576B751215A059B001D73E7 /* 4 */ = {
			isa = PBXNativeTarget;
			buildConfigurationList = 5576B756215A059B001D73E7 /* Build configuration list for PBXNativeTarget "4" */;
			buildPhases = (
				5576B74E215A059B001D73E7 /* Sources */,
				5576B74F215A059B001D73E7 /* Frameworks */,
				5576B750215A059B001D73E7 /* CopyFiles */,
			);
			buildRules = (
			);
			dependencies = (
			);
			name = 4;
			productName = 4;
			productReference = 5576B752215A059B001D73E7 /* 4 */;
			productType = "com.apple.product-type.tool";
		};
		5576B75C215A059E001D73E7 /* 5 */ = {
			isa = PBXNativeTarget;
			buildConfigurationList = 5576B761215A059E001D73E7 /* Build configuration list for PBXNativeTarget "5" */;
			buildPhases = (
				5576B759215A059E001D73E7 /* Sources */,
				5576B75A215A059E001D73E7 /* Frameworks */,
				5576B75B215A059E001D73E7 /* CopyFiles */,
			);
			buildRules = (
			);
			dependencies = (
			);
			name = 5;
			productName = 5;
			productReference = 5576B75D215A059E001D73E7 /* 5 */;
			productType = "com.apple.product-type.tool";
		};
		5576B767215A05A2001D73E7 /* 6 */ = {
			isa = PBXNativeTarget;
			buildConfigurationList = 5576B76C215A05A2001D73E7 /* Build configuration list for PBXNativeTarget "6" */;
			buildPhases = (
				5576B764215A05A2001D73E7 /* Sources */,
				5576B765215A05A2001D73E7 /* Frameworks */,
				5576B766215A05A2001D73E7 /* CopyFiles */,
			);
			buildRules = (
			);
			dependencies = (
			);
			name = 6;
			productName = 6;
			productReference = 5576B768215A05A2001D73E7 /* 6 */;
			productType = "com.apple.product-type.tool";
		};
/* End PBXNativeTarget section */

/* Begin PBXProject section */
		5576B71B2159FFAF001D73E7 /* Project object */ = {
			isa = PBXProject;
			attributes = {
				LastUpgradeCheck = 0940;
				ORGANIZATIONNAME = Darnell;
				TargetAttributes = {
					55093FD3216C736800D49F2A = {
						CreatedOnToolsVersion = 9.4.1;
					};
					55093FDE216C736F00D49F2A = {
						CreatedOnToolsVersion = 9.4.1;
					};
					55093FE9216C85CD00D49F2A = {
						CreatedOnToolsVersion = 9.4.1;
					};
					5576B7222159FFAF001D73E7 = {
						CreatedOnToolsVersion = 9.4.1;
					};
					5576B730215A02AD001D73E7 = {
						CreatedOnToolsVersion = 9.4.1;
					};
					5576B73B215A02B3001D73E7 = {
						CreatedOnToolsVersion = 9.4.1;
					};
					5576B746215A0598001D73E7 = {
						CreatedOnToolsVersion = 9.4.1;
					};
					5576B751215A059B001D73E7 = {
						CreatedOnToolsVersion = 9.4.1;
					};
					5576B75C215A059E001D73E7 = {
						CreatedOnToolsVersion = 9.4.1;
					};
					5576B767215A05A2001D73E7 = {
						CreatedOnToolsVersion = 9.4.1;
					};
				};
			};
			buildConfigurationList = 5576B71E2159FFAF001D73E7 /* Build configuration list for PBXProject "2" */;
			compatibilityVersion = "Xcode 9.3";
			developmentRegion = en;
			hasScannedForEncodings = 0;
			knownRegions = (
				en,
			);
			mainGroup = 5576B71A2159FFAF001D73E7;
			productRefGroup = 5576B7242159FFAF001D73E7 /* Products */;
			projectDirPath = "";
			projectRoot = "";
			targets = (
				5576B7222159FFAF001D73E7 /* 2 */,
				5576B730215A02AD001D73E7 /* 2.3 */,
				5576B73B215A02B3001D73E7 /* 2.2 */,
				5576B746215A0598001D73E7 /* 3 */,
				5576B751215A059B001D73E7 /* 4 */,
				5576B75C215A059E001D73E7 /* 5 */,
				5576B767215A05A2001D73E7 /* 6 */,
				55093FD3216C736800D49F2A /* 7 */,
				55093FDE216C736F00D49F2A /* 8 */,
				55093FE9216C85CD00D49F2A /* 9 */,
			);
		};
/* End PBXProject section */

/* Begin PBXSourcesBuildPhase section */
		55093FD0216C736800D49F2A /* Sources */ = {
			isa = PBXSourcesBuildPhase;
			buildActionMask = 2147483647;
			files = (
				55093FD7216C736800D49F2A /* main.cpp in Sources */,
			);
			runOnlyForDeploymentPostprocessing = 0;
		};
		55093FDB216C736F00D49F2A /* Sources */ = {
			isa = PBXSourcesBuildPhase;
			buildActionMask = 2147483647;
			files = (
				55093FE2216C736F00D49F2A /* main.cpp in Sources */,
			);
			runOnlyForDeploymentPostprocessing = 0;
		};
		55093FE6216C85CD00D49F2A /* Sources */ = {
			isa = PBXSourcesBuildPhase;
			buildActionMask = 2147483647;
			files = (
				55093FED216C85CD00D49F2A /* main.cpp in Sources */,
			);
			runOnlyForDeploymentPostprocessing = 0;
		};
		5576B71F2159FFAF001D73E7 /* Sources */ = {
			isa = PBXSourcesBuildPhase;
			buildActionMask = 2147483647;
			files = (
				5576B7272159FFAF001D73E7 /* main.cpp in Sources */,
			);
			runOnlyForDeploymentPostprocessing = 0;
		};
		5576B72D215A02AD001D73E7 /* Sources */ = {
			isa = PBXSourcesBuildPhase;
			buildActionMask = 2147483647;
			files = (
				5576B734215A02AD001D73E7 /* main.cpp in Sources */,
			);
			runOnlyForDeploymentPostprocessing = 0;
		};
		5576B738215A02B3001D73E7 /* Sources */ = {
			isa = PBXSourcesBuildPhase;
			buildActionMask = 2147483647;
			files = (
				5576B73F215A02B3001D73E7 /* main.cpp in Sources */,
			);
			runOnlyForDeploymentPostprocessing = 0;
		};
		5576B743215A0598001D73E7 /* Sources */ = {
			isa = PBXSourcesBuildPhase;
			buildActionMask = 2147483647;
			files = (
				5576B74A215A0598001D73E7 /* main.cpp in Sources */,
			);
			runOnlyForDeploymentPostprocessing = 0;
		};
		5576B74E215A059B001D73E7 /* Sources */ = {
			isa = PBXSourcesBuildPhase;
			buildActionMask = 2147483647;
			files = (
				5576B755215A059B001D73E7 /* main.cpp in Sources */,
			);
			runOnlyForDeploymentPostprocessing = 0;
		};
		5576B759215A059E001D73E7 /* Sources */ = {
			isa = PBXSourcesBuildPhase;
			buildActionMask = 2147483647;
			files = (
				5576B760215A059E001D73E7 /* main.cpp in Sources */,
			);
			runOnlyForDeploymentPostprocessing = 0;
		};
		5576B764215A05A2001D73E7 /* Sources */ = {
			isa = PBXSourcesBuildPhase;
			buildActionMask = 2147483647;
			files = (
				5576B76B215A05A2001D73E7 /* main.cpp in Sources */,
			);
			runOnlyForDeploymentPostprocessing = 0;
		};
/* End PBXSourcesBuildPhase section */

/* Begin XCBuildConfiguration section */
		55093FD8216C736800D49F2A /* Debug */ = {
			isa = XCBuildConfiguration;
			buildSettings = {
				CODE_SIGN_STYLE = Automatic;
				DEVELOPMENT_TEAM = 5AMH243B8R;
				PRODUCT_NAME = "$(TARGET_NAME)";
			};
			name = Debug;
		};
		55093FD9216C736800D49F2A /* Release */ = {
			isa = XCBuildConfiguration;
			buildSettings = {
				CODE_SIGN_STYLE = Automatic;
				DEVELOPMENT_TEAM = 5AMH243B8R;
				PRODUCT_NAME = "$(TARGET_NAME)";
			};
			name = Release;
		};
		55093FE4216C736F00D49F2A /* Debug */ = {
			isa = XCBuildConfiguration;
			buildSettings = {
				CODE_SIGN_STYLE = Automatic;
				DEVELOPMENT_TEAM = 5AMH243B8R;
				PRODUCT_NAME = "$(TARGET_NAME)";
			};
			name = Debug;
		};
		55093FE5216C736F00D49F2A /* Release */ = {
			isa = XCBuildConfiguration;
			buildSettings = {
				CODE_SIGN_STYLE = Automatic;
				DEVELOPMENT_TEAM = 5AMH243B8R;
				PRODUCT_NAME = "$(TARGET_NAME)";
			};
			name = Release;
		};
		55093FEF216C85CD00D49F2A /* Debug */ = {
			isa = XCBuildConfiguration;
			buildSettings = {
				CODE_SIGN_STYLE = Automatic;
				DEVELOPMENT_TEAM = 5AMH243B8R;
				PRODUCT_NAME = "$(TARGET_NAME)";
			};
			name = Debug;
		};
		55093FF0216C85CD00D49F2A /* Release */ = {
			isa = XCBuildConfiguration;
			buildSettings = {
				CODE_SIGN_STYLE = Automatic;
				DEVELOPMENT_TEAM = 5AMH243B8R;
				PRODUCT_NAME = "$(TARGET_NAME)";
			};
			name = Release;
		};
		5576B7282159FFAF001D73E7 /* Debug */ = {
			isa = XCBuildConfiguration;
			buildSettings = {
				ALWAYS_SEARCH_USER_PATHS = NO;
				CLANG_ANALYZER_NONNULL = YES;
				CLANG_ANALYZER_NUMBER_OBJECT_CONVERSION = YES_AGGRESSIVE;
				CLANG_CXX_LANGUAGE_STANDARD = "gnu++14";
				CLANG_CXX_LIBRARY = "libc++";
				CLANG_ENABLE_MODULES = YES;
				CLANG_ENABLE_OBJC_ARC = YES;
				CLANG_ENABLE_OBJC_WEAK = YES;
				CLANG_WARN_BLOCK_CAPTURE_AUTORELEASING = YES;
				CLANG_WARN_BOOL_CONVERSION = YES;
				CLANG_WARN_COMMA = YES;
				CLANG_WARN_CONSTANT_CONVERSION = YES;
				CLANG_WARN_DEPRECATED_OBJC_IMPLEMENTATIONS = YES;
				CLANG_WARN_DIRECT_OBJC_ISA_USAGE = YES_ERROR;
				CLANG_WARN_DOCUMENTATION_COMMENTS = YES;
				CLANG_WARN_EMPTY_BODY = YES;
				CLANG_WARN_ENUM_CONVERSION = YES;
				CLANG_WARN_INFINITE_RECURSION = YES;
				CLANG_WARN_INT_CONVERSION = YES;
				CLANG_WARN_NON_LITERAL_NULL_CONVERSION = YES;
				CLANG_WARN_OBJC_IMPLICIT_RETAIN_SELF = YES;
				CLANG_WARN_OBJC_LITERAL_CONVERSION = YES;
				CLANG_WARN_OBJC_ROOT_CLASS = YES_ERROR;
				CLANG_WARN_RANGE_LOOP_ANALYSIS = YES;
				CLANG_WARN_STRICT_PROTOTYPES = YES;
				CLANG_WARN_SUSPICIOUS_MOVE = YES;
				CLANG_WARN_UNGUARDED_AVAILABILITY = YES_AGGRESSIVE;
				CLANG_WARN_UNREACHABLE_CODE = YES;
				CLANG_WARN__DUPLICATE_METHOD_MATCH = YES;
				CODE_SIGN_IDENTITY = "Mac Developer";
				COPY_PHASE_STRIP = NO;
				DEBUG_INFORMATION_FORMAT = dwarf;
				ENABLE_STRICT_OBJC_MSGSEND = YES;
				ENABLE_TESTABILITY = YES;
				GCC_C_LANGUAGE_STANDARD = gnu11;
				GCC_DYNAMIC_NO_PIC = NO;
				GCC_NO_COMMON_BLOCKS = YES;
				GCC_OPTIMIZATION_LEVEL = 0;
				GCC_PREPROCESSOR_DEFINITIONS = (
					"DEBUG=1",
					"$(inherited)",
				);
				GCC_WARN_64_TO_32_BIT_CONVERSION = YES;
				GCC_WARN_ABOUT_RETURN_TYPE = YES_ERROR;
				GCC_WARN_UNDECLARED_SELECTOR = YES;
				GCC_WARN_UNINITIALIZED_AUTOS = YES_AGGRESSIVE;
				GCC_WARN_UNUSED_FUNCTION = YES;
				GCC_WARN_UNUSED_VARIABLE = YES;
				MACOSX_DEPLOYMENT_TARGET = 10.13;
				MTL_ENABLE_DEBUG_INFO = YES;
				ONLY_ACTIVE_ARCH = YES;
				SDKROOT = macosx;
			};
			name = Debug;
		};
		5576B7292159FFAF001D73E7 /* Release */ = {
			isa = XCBuildConfiguration;
			buildSettings = {
				ALWAYS_SEARCH_USER_PATHS = NO;
				CLANG_ANALYZER_NONNULL = YES;
				CLANG_ANALYZER_NUMBER_OBJECT_CONVERSION = YES_AGGRESSIVE;
				CLANG_CXX_LANGUAGE_STANDARD = "gnu++14";
				CLANG_CXX_LIBRARY = "libc++";
				CLANG_ENABLE_MODULES = YES;
				CLANG_ENABLE_OBJC_ARC = YES;
				CLANG_ENABLE_OBJC_WEAK = YES;
				CLANG_WARN_BLOCK_CAPTURE_AUTORELEASING = YES;
				CLANG_WARN_BOOL_CONVERSION = YES;
				CLANG_WARN_COMMA = YES;
				CLANG_WARN_CONSTANT_CONVERSION = YES;
				CLANG_WARN_DEPRECATED_OBJC_IMPLEMENTATIONS = YES;
				CLANG_WARN_DIRECT_OBJC_ISA_USAGE = YES_ERROR;
				CLANG_WARN_DOCUMENTATION_COMMENTS = YES;
				CLANG_WARN_EMPTY_BODY = YES;
				CLANG_WARN_ENUM_CONVERSION = YES;
				CLANG_WARN_INFINITE_RECURSION = YES;
				CLANG_WARN_INT_CONVERSION = YES;
				CLANG_WARN_NON_LITERAL_NULL_CONVERSION = YES;
				CLANG_WARN_OBJC_IMPLICIT_RETAIN_SELF = YES;
				CLANG_WARN_OBJC_LITERAL_CONVERSION = YES;
				CLANG_WARN_OBJC_ROOT_CLASS = YES_ERROR;
				CLANG_WARN_RANGE_LOOP_ANALYSIS = YES;
				CLANG_WARN_STRICT_PROTOTYPES = YES;
				CLANG_WARN_SUSPICIOUS_MOVE = YES;
				CLANG_WARN_UNGUARDED_AVAILABILITY = YES_AGGRESSIVE;
				CLANG_WARN_UNREACHABLE_CODE = YES;
				CLANG_WARN__DUPLICATE_METHOD_MATCH = YES;
				CODE_SIGN_IDENTITY = "Mac Developer";
				COPY_PHASE_STRIP = NO;
				DEBUG_INFORMATION_FORMAT = "dwarf-with-dsym";
				ENABLE_NS_ASSERTIONS = NO;
				ENABLE_STRICT_OBJC_MSGSEND = YES;
				GCC_C_LANGUAGE_STANDARD = gnu11;
				GCC_NO_COMMON_BLOCKS = YES;
				GCC_WARN_64_TO_32_BIT_CONVERSION = YES;
				GCC_WARN_ABOUT_RETURN_TYPE = YES_ERROR;
				GCC_WARN_UNDECLARED_SELECTOR = YES;
				GCC_WARN_UNINITIALIZED_AUTOS = YES_AGGRESSIVE;
				GCC_WARN_UNUSED_FUNCTION = YES;
				GCC_WARN_UNUSED_VARIABLE = YES;
				MACOSX_DEPLOYMENT_TARGET = 10.13;
				MTL_ENABLE_DEBUG_INFO = NO;
				SDKROOT = macosx;
			};
			name = Release;
		};
		5576B72B2159FFAF001D73E7 /* Debug */ = {
			isa = XCBuildConfiguration;
			buildSettings = {
				CODE_SIGN_STYLE = Automatic;
				DEVELOPMENT_TEAM = 5AMH243B8R;
				PRODUCT_NAME = "$(TARGET_NAME)";
			};
			name = Debug;
		};
		5576B72C2159FFAF001D73E7 /* Release */ = {
			isa = XCBuildConfiguration;
			buildSettings = {
				CODE_SIGN_STYLE = Automatic;
				DEVELOPMENT_TEAM = 5AMH243B8R;
				PRODUCT_NAME = "$(TARGET_NAME)";
			};
			name = Release;
		};
		5576B736215A02AD001D73E7 /* Debug */ = {
			isa = XCBuildConfiguration;
			buildSettings = {
				CODE_SIGN_STYLE = Automatic;
				DEVELOPMENT_TEAM = 5AMH243B8R;
				PRODUCT_NAME = "$(TARGET_NAME)";
			};
			name = Debug;
		};
		5576B737215A02AD001D73E7 /* Release */ = {
			isa = XCBuildConfiguration;
			buildSettings = {
				CODE_SIGN_STYLE = Automatic;
				DEVELOPMENT_TEAM = 5AMH243B8R;
				PRODUCT_NAME = "$(TARGET_NAME)";
			};
			name = Release;
		};
		5576B741215A02B3001D73E7 /* Debug */ = {
			isa = XCBuildConfiguration;
			buildSettings = {
				CODE_SIGN_STYLE = Automatic;
				DEVELOPMENT_TEAM = 5AMH243B8R;
				PRODUCT_NAME = "$(TARGET_NAME)";
			};
			name = Debug;
		};
		5576B742215A02B3001D73E7 /* Release */ = {
			isa = XCBuildConfiguration;
			buildSettings = {
				CODE_SIGN_STYLE = Automatic;
				DEVELOPMENT_TEAM = 5AMH243B8R;
				PRODUCT_NAME = "$(TARGET_NAME)";
			};
			name = Release;
		};
		5576B74C215A0598001D73E7 /* Debug */ = {
			isa = XCBuildConfiguration;
			buildSettings = {
				CODE_SIGN_STYLE = Automatic;
				DEVELOPMENT_TEAM = 5AMH243B8R;
				PRODUCT_NAME = "$(TARGET_NAME)";
			};
			name = Debug;
		};
		5576B74D215A0598001D73E7 /* Release */ = {
			isa = XCBuildConfiguration;
			buildSettings = {
				CODE_SIGN_STYLE = Automatic;
				DEVELOPMENT_TEAM = 5AMH243B8R;
				PRODUCT_NAME = "$(TARGET_NAME)";
			};
			name = Release;
		};
		5576B757215A059B001D73E7 /* Debug */ = {
			isa = XCBuildConfiguration;
			buildSettings = {
				CODE_SIGN_STYLE = Automatic;
				DEVELOPMENT_TEAM = 5AMH243B8R;
				PRODUCT_NAME = "$(TARGET_NAME)";
			};
			name = Debug;
		};
		5576B758215A059B001D73E7 /* Release */ = {
			isa = XCBuildConfiguration;
			buildSettings = {
				CODE_SIGN_STYLE = Automatic;
				DEVELOPMENT_TEAM = 5AMH243B8R;
				PRODUCT_NAME = "$(TARGET_NAME)";
			};
			name = Release;
		};
		5576B762215A059E001D73E7 /* Debug */ = {
			isa = XCBuildConfiguration;
			buildSettings = {
				CODE_SIGN_STYLE = Automatic;
				DEVELOPMENT_TEAM = 5AMH243B8R;
				PRODUCT_NAME = "$(TARGET_NAME)";
			};
			name = Debug;
		};
		5576B763215A059E001D73E7 /* Release */ = {
			isa = XCBuildConfiguration;
			buildSettings = {
				CODE_SIGN_STYLE = Automatic;
				DEVELOPMENT_TEAM = 5AMH243B8R;
				PRODUCT_NAME = "$(TARGET_NAME)";
			};
			name = Release;
		};
		5576B76D215A05A2001D73E7 /* Debug */ = {
			isa = XCBuildConfiguration;
			buildSettings = {
				CODE_SIGN_STYLE = Automatic;
				DEVELOPMENT_TEAM = 5AMH243B8R;
				PRODUCT_NAME = "$(TARGET_NAME)";
			};
			name = Debug;
		};
		5576B76E215A05A2001D73E7 /* Release */ = {
			isa = XCBuildConfiguration;
			buildSettings = {
				CODE_SIGN_STYLE = Automatic;
				DEVELOPMENT_TEAM = 5AMH243B8R;
				PRODUCT_NAME = "$(TARGET_NAME)";
			};
			name = Release;
		};
/* End XCBuildConfiguration section */

/* Begin XCConfigurationList section */
		55093FDA216C736800D49F2A /* Build configuration list for PBXNativeTarget "7" */ = {
			isa = XCConfigurationList;
			buildConfigurations = (
				55093FD8216C736800D49F2A /* Debug */,
				55093FD9216C736800D49F2A /* Release */,
			);
			defaultConfigurationIsVisible = 0;
			defaultConfigurationName = Release;
		};
		55093FE3216C736F00D49F2A /* Build configuration list for PBXNativeTarget "8" */ = {
			isa = XCConfigurationList;
			buildConfigurations = (
				55093FE4216C736F00D49F2A /* Debug */,
				55093FE5216C736F00D49F2A /* Release */,
			);
			defaultConfigurationIsVisible = 0;
			defaultConfigurationName = Release;
		};
		55093FEE216C85CD00D49F2A /* Build configuration list for PBXNativeTarget "9" */ = {
			isa = XCConfigurationList;
			buildConfigurations = (
				55093FEF216C85CD00D49F2A /* Debug */,
				55093FF0216C85CD00D49F2A /* Release */,
			);
			defaultConfigurationIsVisible = 0;
			defaultConfigurationName = Release;
		};
		5576B71E2159FFAF001D73E7 /* Build configuration list for PBXProject "2" */ = {
			isa = XCConfigurationList;
			buildConfigurations = (
				5576B7282159FFAF001D73E7 /* Debug */,
				5576B7292159FFAF001D73E7 /* Release */,
			);
			defaultConfigurationIsVisible = 0;
			defaultConfigurationName = Release;
		};
		5576B72A2159FFAF001D73E7 /* Build configuration list for PBXNativeTarget "2" */ = {
			isa = XCConfigurationList;
			buildConfigurations = (
				5576B72B2159FFAF001D73E7 /* Debug */,
				5576B72C2159FFAF001D73E7 /* Release */,
			);
			defaultConfigurationIsVisible = 0;
			defaultConfigurationName = Release;
		};
		5576B735215A02AD001D73E7 /* Build configuration list for PBXNativeTarget "2.3" */ = {
			isa = XCConfigurationList;
			buildConfigurations = (
				5576B736215A02AD001D73E7 /* Debug */,
				5576B737215A02AD001D73E7 /* Release */,
			);
			defaultConfigurationIsVisible = 0;
			defaultConfigurationName = Release;
		};
		5576B740215A02B3001D73E7 /* Build configuration list for PBXNativeTarget "2.2" */ = {
			isa = XCConfigurationList;
			buildConfigurations = (
				5576B741215A02B3001D73E7 /* Debug */,
				5576B742215A02B3001D73E7 /* Release */,
			);
			defaultConfigurationIsVisible = 0;
			defaultConfigurationName = Release;
		};
		5576B74B215A0598001D73E7 /* Build configuration list for PBXNativeTarget "3" */ = {
			isa = XCConfigurationList;
			buildConfigurations = (
				5576B74C215A0598001D73E7 /* Debug */,
				5576B74D215A0598001D73E7 /* Release */,
			);
			defaultConfigurationIsVisible = 0;
			defaultConfigurationName = Release;
		};
		5576B756215A059B001D73E7 /* Build configuration list for PBXNativeTarget "4" */ = {
			isa = XCConfigurationList;
			buildConfigurations = (
				5576B757215A059B001D73E7 /* Debug */,
				5576B758215A059B001D73E7 /* Release */,
			);
			defaultConfigurationIsVisible = 0;
			defaultConfigurationName = Release;
		};
		5576B761215A059E001D73E7 /* Build configuration list for PBXNativeTarget "5" */ = {
			isa = XCConfigurationList;
			buildConfigurations = (
				5576B762215A059E001D73E7 /* Debug */,
				5576B763215A059E001D73E7 /* Release */,
			);
			defaultConfigurationIsVisible = 0;
			defaultConfigurationName = Release;
		};
		5576B76C215A05A2001D73E7 /* Build configuration list for PBXNativeTarget "6" */ = {
			isa = XCConfigurationList;
			buildConfigurations = (
				5576B76D215A05A2001D73E7 /* Debug */,
				5576B76E215A05A2001D73E7 /* Release */,
			);
			defaultConfigurationIsVisible = 0;
			defaultConfigurationName = Release;
		};
/* End XCConfigurationList section */
	};
	rootObject = 5576B71B2159FFAF001D73E7 /* Project object */;
}
